
Microsoft Visual Studio Solution File, Format Version 12.00
# Visual Studio Version 16
VisualStudioVersion = 16.0.31624.102
MinimumVisualStudioVersion = 10.0.40219.1
Project("{FAE04EC0-301F-11D3-BF4B-00C04F79EFBC}") = "IdentityPrinciplesWorkshop.IdentityServer", "IdentityPrinciplesWorkshop.IdentityServer\IdentityPrinciplesWorkshop.IdentityServer.csproj", "{34BC00E8-E4C9-4EF1-A3B0-10806DE2B1F8}"
EndProject
Project("{2150E333-8FDC-42A3-9474-1A3956D46DE8}") = "SolutionInfo", "SolutionInfo", "{8B33B40B-5E78-40A8-BFE0-669A6EB8166F}"
	ProjectSection(SolutionItems) = preProject
		Ports.txt = Ports.txt
	EndProjectSection
EndProject
Global
	GlobalSection(SolutionConfigurationPlatforms) = preSolution
		Debug|Any CPU = Debug|Any CPU
		Release|Any CPU = Release|Any CPU
	EndGlobalSection
	GlobalSection(ProjectConfigurationPlatforms) = postSolution
		{34BC00E8-E4C9-4EF1-A3B0-10806DE2B1F8}.Debug|Any CPU.ActiveCfg = Debug|Any CPU
		{34BC00E8-E4C9-4EF1-A3B0-10806DE2B1F8}.Debug|Any CPU.Build.0 = Debug|Any CPU
		{34BC00E8-E4C9-4EF1-A3B0-10806DE2B1F8}.Release|Any CPU.ActiveCfg = Release|Any CPU
		{34BC00E8-E4C9-4EF1-A3B0-10806DE2B1F8}.Release|Any CPU.Build.0 = Release|Any CPU
	EndGlobalSection
	GlobalSection(SolutionProperties) = preSolution
		HideSolutionNode = FALSE
	EndGlobalSection
	GlobalSection(ExtensibilityGlobals) = postSolution
		SolutionGuid = {BFA797CB-0F81-4303-9AA1-F19B9F621417}
	EndGlobalSection
EndGlobal
