
Microsoft Visual Studio Solution File, Format Version 12.00
# Visual Studio Version 16
VisualStudioVersion = 16.0.31624.102
MinimumVisualStudioVersion = 10.0.40219.1
Project("{2150E333-8FDC-42A3-9474-1A3956D46DE8}") = "SolutionInfo", "SolutionInfo", "{8B33B40B-5E78-40A8-BFE0-669A6EB8166F}"
	ProjectSection(SolutionItems) = preProject
		Ports.txt = Ports.txt
	EndProjectSection
EndProject
Project("{FAE04EC0-301F-11D3-BF4B-00C04F79EFBC}") = "IdentityPrinciplesWorkshop.IdentityServer", "IdentityPrinciplesWorkshop.IdentityServer\IdentityPrinciplesWorkshop.IdentityServer.csproj", "{9861297C-0011-49EF-BE7B-EBBF45A90EE4}"
EndProject
Project("{FAE04EC0-301F-11D3-BF4B-00C04F79EFBC}") = "IdentityPrinciplesWorkshop.Client1", "IdentityPrinciplesWorkshop.Client1\IdentityPrinciplesWorkshop.Client1.csproj", "{A3FEA623-D761-4D97-BCD0-289B7053AB19}"
EndProject
Project("{FAE04EC0-301F-11D3-BF4B-00C04F79EFBC}") = "IdentityPrinciplesWorkshop.Client2", "IdentityPrinciplesWorkshop.Client2\IdentityPrinciplesWorkshop.Client2.csproj", "{10F0ECEB-BC2E-4900-9FD8-56072DA239CE}"
EndProject
Project("{FAE04EC0-301F-11D3-BF4B-00C04F79EFBC}") = "IdentityPrinciplesWorkshop.Api1", "IdentityPrinciplesWorkshop.Api1\IdentityPrinciplesWorkshop.Api1.csproj", "{3273AE38-3A24-46C9-BC6B-63E83FC0B2A7}"
EndProject
Project("{FAE04EC0-301F-11D3-BF4B-00C04F79EFBC}") = "IdentityPrinciplesWorkshop.Api2", "IdentityPrinciplesWorkshop.Api2\IdentityPrinciplesWorkshop.Api2.csproj", "{88D42C3C-8E90-491B-9CEF-4390719902C0}"
EndProject
Global
	GlobalSection(SolutionConfigurationPlatforms) = preSolution
		Debug|Any CPU = Debug|Any CPU
		Release|Any CPU = Release|Any CPU
	EndGlobalSection
	GlobalSection(ProjectConfigurationPlatforms) = postSolution
		{9861297C-0011-49EF-BE7B-EBBF45A90EE4}.Debug|Any CPU.ActiveCfg = Debug|Any CPU
		{9861297C-0011-49EF-BE7B-EBBF45A90EE4}.Debug|Any CPU.Build.0 = Debug|Any CPU
		{9861297C-0011-49EF-BE7B-EBBF45A90EE4}.Release|Any CPU.ActiveCfg = Release|Any CPU
		{9861297C-0011-49EF-BE7B-EBBF45A90EE4}.Release|Any CPU.Build.0 = Release|Any CPU
		{A3FEA623-D761-4D97-BCD0-289B7053AB19}.Debug|Any CPU.ActiveCfg = Debug|Any CPU
		{A3FEA623-D761-4D97-BCD0-289B7053AB19}.Debug|Any CPU.Build.0 = Debug|Any CPU
		{A3FEA623-D761-4D97-BCD0-289B7053AB19}.Release|Any CPU.ActiveCfg = Release|Any CPU
		{A3FEA623-D761-4D97-BCD0-289B7053AB19}.Release|Any CPU.Build.0 = Release|Any CPU
		{10F0ECEB-BC2E-4900-9FD8-56072DA239CE}.Debug|Any CPU.ActiveCfg = Debug|Any CPU
		{10F0ECEB-BC2E-4900-9FD8-56072DA239CE}.Debug|Any CPU.Build.0 = Debug|Any CPU
		{10F0ECEB-BC2E-4900-9FD8-56072DA239CE}.Release|Any CPU.ActiveCfg = Release|Any CPU
		{10F0ECEB-BC2E-4900-9FD8-56072DA239CE}.Release|Any CPU.Build.0 = Release|Any CPU
		{3273AE38-3A24-46C9-BC6B-63E83FC0B2A7}.Debug|Any CPU.ActiveCfg = Debug|Any CPU
		{3273AE38-3A24-46C9-BC6B-63E83FC0B2A7}.Debug|Any CPU.Build.0 = Debug|Any CPU
		{3273AE38-3A24-46C9-BC6B-63E83FC0B2A7}.Release|Any CPU.ActiveCfg = Release|Any CPU
		{3273AE38-3A24-46C9-BC6B-63E83FC0B2A7}.Release|Any CPU.Build.0 = Release|Any CPU
		{88D42C3C-8E90-491B-9CEF-4390719902C0}.Debug|Any CPU.ActiveCfg = Debug|Any CPU
		{88D42C3C-8E90-491B-9CEF-4390719902C0}.Debug|Any CPU.Build.0 = Debug|Any CPU
		{88D42C3C-8E90-491B-9CEF-4390719902C0}.Release|Any CPU.ActiveCfg = Release|Any CPU
		{88D42C3C-8E90-491B-9CEF-4390719902C0}.Release|Any CPU.Build.0 = Release|Any CPU
	EndGlobalSection
	GlobalSection(SolutionProperties) = preSolution
		HideSolutionNode = FALSE
	EndGlobalSection
	GlobalSection(ExtensibilityGlobals) = postSolution
		SolutionGuid = {BFA797CB-0F81-4303-9AA1-F19B9F621417}
	EndGlobalSection
EndGlobal
